// !$*UTF8*$!
{
	archiveVersion = 1;
	classes = {
	};
	objectVersion = 50;
	objects = {

/* Begin PBXBuildFile section */
		453DA1BF217E361F00578550 /* AppDelegate.swift in Sources */ = {isa = PBXBuildFile; fileRef = 453DA1BE217E361F00578550 /* AppDelegate.swift */; };
		453DA1C1217E361F00578550 /* ViewController.swift in Sources */ = {isa = PBXBuildFile; fileRef = 453DA1C0217E361F00578550 /* ViewController.swift */; };
		453DA1C4217E361F00578550 /* Main.storyboard in Resources */ = {isa = PBXBuildFile; fileRef = 453DA1C2217E361F00578550 /* Main.storyboard */; };
		453DA1C6217E362100578550 /* Assets.xcassets in Resources */ = {isa = PBXBuildFile; fileRef = 453DA1C5217E362100578550 /* Assets.xcassets */; };
		453DA1C9217E362100578550 /* LaunchScreen.storyboard in Resources */ = {isa = PBXBuildFile; fileRef = 453DA1C7217E362100578550 /* LaunchScreen.storyboard */; };
		453DA1D4217E362100578550 /* flickgramTests.swift in Sources */ = {isa = PBXBuildFile; fileRef = 453DA1D3217E362100578550 /* flickgramTests.swift */; };
		453DA1DF217E362100578550 /* flickgramUITests.swift in Sources */ = {isa = PBXBuildFile; fileRef = 453DA1DE217E362100578550 /* flickgramUITests.swift */; };
/* End PBXBuildFile section */

/* Begin PBXContainerItemProxy section */
		453DA1D0217E362100578550 /* PBXContainerItemProxy */ = {
			isa = PBXContainerItemProxy;
			containerPortal = 453DA1B3217E361F00578550 /* Project object */;
			proxyType = 1;
			remoteGlobalIDString = 453DA1BA217E361F00578550;
			remoteInfo = flickgram;
		};
		453DA1DB217E362100578550 /* PBXContainerItemProxy */ = {
			isa = PBXContainerItemProxy;
			containerPortal = 453DA1B3217E361F00578550 /* Project object */;
			proxyType = 1;
			remoteGlobalIDString = 453DA1BA217E361F00578550;
			remoteInfo = flickgram;
		};
/* End PBXContainerItemProxy section */

/* Begin PBXFileReference section */
		453DA1BB217E361F00578550 /* flickgram.app */ = {isa = PBXFileReference; explicitFileType = wrapper.application; includeInIndex = 0; path = flickgram.app; sourceTree = BUILT_PRODUCTS_DIR; };
		453DA1BE217E361F00578550 /* AppDelegate.swift */ = {isa = PBXFileReference; lastKnownFileType = sourcecode.swift; path = AppDelegate.swift; sourceTree = "<group>"; };
		453DA1C0217E361F00578550 /* ViewController.swift */ = {isa = PBXFileReference; lastKnownFileType = sourcecode.swift; path = ViewController.swift; sourceTree = "<group>"; };
		453DA1C3217E361F00578550 /* Base */ = {isa = PBXFileReference; lastKnownFileType = file.storyboard; name = Base; path = Base.lproj/Main.storyboard; sourceTree = "<group>"; };
		453DA1C5217E362100578550 /* Assets.xcassets */ = {isa = PBXFileReference; lastKnownFileType = folder.assetcatalog; path = Assets.xcassets; sourceTree = "<group>"; };
		453DA1C8217E362100578550 /* Base */ = {isa = PBXFileReference; lastKnownFileType = file.storyboard; name = Base; path = Base.lproj/LaunchScreen.storyboard; sourceTree = "<group>"; };
		453DA1CA217E362100578550 /* Info.plist */ = {isa = PBXFileReference; lastKnownFileType = text.plist.xml; path = Info.plist; sourceTree = "<group>"; };
		453DA1CF217E362100578550 /* flickgramTests.xctest */ = {isa = PBXFileReference; explicitFileType = wrapper.cfbundle; includeInIndex = 0; path = flickgramTests.xctest; sourceTree = BUILT_PRODUCTS_DIR; };
		453DA1D3217E362100578550 /* flickgramTests.swift */ = {isa = PBXFileReference; lastKnownFileType = sourcecode.swift; path = flickgramTests.swift; sourceTree = "<group>"; };
		453DA1D5217E362100578550 /* Info.plist */ = {isa = PBXFileReference; lastKnownFileType = text.plist.xml; path = Info.plist; sourceTree = "<group>"; };
		453DA1DA217E362100578550 /* flickgramUITests.xctest */ = {isa = PBXFileReference; explicitFileType = wrapper.cfbundle; includeInIndex = 0; path = flickgramUITests.xctest; sourceTree = BUILT_PRODUCTS_DIR; };
		453DA1DE217E362100578550 /* flickgramUITests.swift */ = {isa = PBXFileReference; lastKnownFileType = sourcecode.swift; path = flickgramUITests.swift; sourceTree = "<group>"; };
		453DA1E0217E362100578550 /* Info.plist */ = {isa = PBXFileReference; lastKnownFileType = text.plist.xml; path = Info.plist; sourceTree = "<group>"; };
/* End PBXFileReference section */

/* Begin PBXFrameworksBuildPhase section */
		453DA1B8217E361F00578550 /* Frameworks */ = {
			isa = PBXFrameworksBuildPhase;
			buildActionMask = 2147483647;
			files = (
			);
			runOnlyForDeploymentPostprocessing = 0;
		};
		453DA1CC217E362100578550 /* Frameworks */ = {
			isa = PBXFrameworksBuildPhase;
			buildActionMask = 2147483647;
			files = (
			);
			runOnlyForDeploymentPostprocessing = 0;
		};
		453DA1D7217E362100578550 /* Frameworks */ = {
			isa = PBXFrameworksBuildPhase;
			buildActionMask = 2147483647;
			files = (
			);
			runOnlyForDeploymentPostprocessing = 0;
		};
/* End PBXFrameworksBuildPhase section */

/* Begin PBXGroup section */
		453DA1B2217E361F00578550 = {
			isa = PBXGroup;
			children = (
				453DA1BD217E361F00578550 /* flickgram */,
				453DA1D2217E362100578550 /* flickgramTests */,
				453DA1DD217E362100578550 /* flickgramUITests */,
				453DA1BC217E361F00578550 /* Products */,
			);
			sourceTree = "<group>";
		};
		453DA1BC217E361F00578550 /* Products */ = {
			isa = PBXGroup;
			children = (
				453DA1BB217E361F00578550 /* flickgram.app */,
				453DA1CF217E362100578550 /* flickgramTests.xctest */,
				453DA1DA217E362100578550 /* flickgramUITests.xctest */,
			);
			name = Products;
			sourceTree = "<group>";
		};
		453DA1BD217E361F00578550 /* flickgram */ = {
			isa = PBXGroup;
			children = (
				453DA1BE217E361F00578550 /* AppDelegate.swift */,
				453DA1C0217E361F00578550 /* ViewController.swift */,
				453DA1C2217E361F00578550 /* Main.storyboard */,
				453DA1C5217E362100578550 /* Assets.xcassets */,
				453DA1C7217E362100578550 /* LaunchScreen.storyboard */,
				453DA1CA217E362100578550 /* Info.plist */,
			);
			path = flickgram;
			sourceTree = "<group>";
		};
		453DA1D2217E362100578550 /* flickgramTests */ = {
			isa = PBXGroup;
			children = (
				453DA1D3217E362100578550 /* flickgramTests.swift */,
				453DA1D5217E362100578550 /* Info.plist */,
			);
			path = flickgramTests;
			sourceTree = "<group>";
		};
		453DA1DD217E362100578550 /* flickgramUITests */ = {
			isa = PBXGroup;
			children = (
				453DA1DE217E362100578550 /* flickgramUITests.swift */,
				453DA1E0217E362100578550 /* Info.plist */,
			);
			path = flickgramUITests;
			sourceTree = "<group>";
		};
/* End PBXGroup section */

/* Begin PBXNativeTarget section */
		453DA1BA217E361F00578550 /* flickgram */ = {
			isa = PBXNativeTarget;
			buildConfigurationList = 453DA1E3217E362100578550 /* Build configuration list for PBXNativeTarget "flickgram" */;
			buildPhases = (
				453DA1B7217E361F00578550 /* Sources */,
				453DA1B8217E361F00578550 /* Frameworks */,
				453DA1B9217E361F00578550 /* Resources */,
			);
			buildRules = (
			);
			dependencies = (
			);
			name = flickgram;
			productName = flickgram;
			productReference = 453DA1BB217E361F00578550 /* flickgram.app */;
			productType = "com.apple.product-type.application";
		};
		453DA1CE217E362100578550 /* flickgramTests */ = {
			isa = PBXNativeTarget;
			buildConfigurationList = 453DA1E6217E362100578550 /* Build configuration list for PBXNativeTarget "flickgramTests" */;
			buildPhases = (
				453DA1CB217E362100578550 /* Sources */,
				453DA1CC217E362100578550 /* Frameworks */,
				453DA1CD217E362100578550 /* Resources */,
			);
			buildRules = (
			);
			dependencies = (
				453DA1D1217E362100578550 /* PBXTargetDependency */,
			);
			name = flickgramTests;
			productName = flickgramTests;
			productReference = 453DA1CF217E362100578550 /* flickgramTests.xctest */;
			productType = "com.apple.product-type.bundle.unit-test";
		};
		453DA1D9217E362100578550 /* flickgramUITests */ = {
			isa = PBXNativeTarget;
			buildConfigurationList = 453DA1E9217E362100578550 /* Build configuration list for PBXNativeTarget "flickgramUITests" */;
			buildPhases = (
				453DA1D6217E362100578550 /* Sources */,
				453DA1D7217E362100578550 /* Frameworks */,
				453DA1D8217E362100578550 /* Resources */,
			);
			buildRules = (
			);
			dependencies = (
				453DA1DC217E362100578550 /* PBXTargetDependency */,
			);
			name = flickgramUITests;
			productName = flickgramUITests;
			productReference = 453DA1DA217E362100578550 /* flickgramUITests.xctest */;
			productType = "com.apple.product-type.bundle.ui-testing";
		};
/* End PBXNativeTarget section */

/* Begin PBXProject section */
		453DA1B3217E361F00578550 /* Project object */ = {
			isa = PBXProject;
			attributes = {
				LastSwiftUpdateCheck = 0940;
				LastUpgradeCheck = 0940;
				ORGANIZATIONNAME = "Bhavesh Shah";
				TargetAttributes = {
					453DA1BA217E361F00578550 = {
						CreatedOnToolsVersion = 9.4.1;
					};
					453DA1CE217E362100578550 = {
						CreatedOnToolsVersion = 9.4.1;
						TestTargetID = 453DA1BA217E361F00578550;
					};
					453DA1D9217E362100578550 = {
						CreatedOnToolsVersion = 9.4.1;
						TestTargetID = 453DA1BA217E361F00578550;
					};
				};
			};
			buildConfigurationList = 453DA1B6217E361F00578550 /* Build configuration list for PBXProject "flickgram" */;
			compatibilityVersion = "Xcode 9.3";
			developmentRegion = en;
			hasScannedForEncodings = 0;
			knownRegions = (
				en,
				Base,
			);
			mainGroup = 453DA1B2217E361F00578550;
			productRefGroup = 453DA1BC217E361F00578550 /* Products */;
			projectDirPath = "";
			projectRoot = "";
			targets = (
				453DA1BA217E361F00578550 /* flickgram */,
				453DA1CE217E362100578550 /* flickgramTests */,
				453DA1D9217E362100578550 /* flickgramUITests */,
			);
		};
/* End PBXProject section */

/* Begin PBXResourcesBuildPhase section */
		453DA1B9217E361F00578550 /* Resources */ = {
			isa = PBXResourcesBuildPhase;
			buildActionMask = 2147483647;
			files = (
				453DA1C9217E362100578550 /* LaunchScreen.storyboard in Resources */,
				453DA1C6217E362100578550 /* Assets.xcassets in Resources */,
				453DA1C4217E361F00578550 /* Main.storyboard in Resources */,
			);
			runOnlyForDeploymentPostprocessing = 0;
		};
		453DA1CD217E362100578550 /* Resources */ = {
			isa = PBXResourcesBuildPhase;
			buildActionMask = 2147483647;
			files = (
			);
			runOnlyForDeploymentPostprocessing = 0;
		};
		453DA1D8217E362100578550 /* Resources */ = {
			isa = PBXResourcesBuildPhase;
			buildActionMask = 2147483647;
			files = (
			);
			runOnlyForDeploymentPostprocessing = 0;
		};
/* End PBXResourcesBuildPhase section */

/* Begin PBXSourcesBuildPhase section */
		453DA1B7217E361F00578550 /* Sources */ = {
			isa = PBXSourcesBuildPhase;
			buildActionMask = 2147483647;
			files = (
				453DA1C1217E361F00578550 /* ViewController.swift in Sources */,
				453DA1BF217E361F00578550 /* AppDelegate.swift in Sources */,
			);
			runOnlyForDeploymentPostprocessing = 0;
		};
		453DA1CB217E362100578550 /* Sources */ = {
			isa = PBXSourcesBuildPhase;
			buildActionMask = 2147483647;
			files = (
				453DA1D4217E362100578550 /* flickgramTests.swift in Sources */,
			);
			runOnlyForDeploymentPostprocessing = 0;
		};
		453DA1D6217E362100578550 /* Sources */ = {
			isa = PBXSourcesBuildPhase;
			buildActionMask = 2147483647;
			files = (
				453DA1DF217E362100578550 /* flickgramUITests.swift in Sources */,
			);
			runOnlyForDeploymentPostprocessing = 0;
		};
/* End PBXSourcesBuildPhase section */

/* Begin PBXTargetDependency section */
		453DA1D1217E362100578550 /* PBXTargetDependency */ = {
			isa = PBXTargetDependency;
			target = 453DA1BA217E361F00578550 /* flickgram */;
			targetProxy = 453DA1D0217E362100578550 /* PBXContainerItemProxy */;
		};
		453DA1DC217E362100578550 /* PBXTargetDependency */ = {
			isa = PBXTargetDependency;
			target = 453DA1BA217E361F00578550 /* flickgram */;
			targetProxy = 453DA1DB217E362100578550 /* PBXContainerItemProxy */;
		};
/* End PBXTargetDependency section */

/* Begin PBXVariantGroup section */
		453DA1C2217E361F00578550 /* Main.storyboard */ = {
			isa = PBXVariantGroup;
			children = (
				453DA1C3217E361F00578550 /* Base */,
			);
			name = Main.storyboard;
			sourceTree = "<group>";
		};
		453DA1C7217E362100578550 /* LaunchScreen.storyboard */ = {
			isa = PBXVariantGroup;
			children = (
				453DA1C8217E362100578550 /* Base */,
			);
			name = LaunchScreen.storyboard;
			sourceTree = "<group>";
		};
/* End PBXVariantGroup section */

/* Begin XCBuildConfiguration section */
		453DA1E1217E362100578550 /* Debug */ = {
			isa = XCBuildConfiguration;
			buildSettings = {
				ALWAYS_SEARCH_USER_PATHS = NO;
				CLANG_ANALYZER_NONNULL = YES;
				CLANG_ANALYZER_NUMBER_OBJECT_CONVERSION = YES_AGGRESSIVE;
				CLANG_CXX_LANGUAGE_STANDARD = "gnu++14";
				CLANG_CXX_LIBRARY = "libc++";
				CLANG_ENABLE_MODULES = YES;
				CLANG_ENABLE_OBJC_ARC = YES;
				CLANG_ENABLE_OBJC_WEAK = YES;
				CLANG_WARN_BLOCK_CAPTURE_AUTORELEASING = YES;
				CLANG_WARN_BOOL_CONVERSION = YES;
				CLANG_WARN_COMMA = YES;
				CLANG_WARN_CONSTANT_CONVERSION = YES;
				CLANG_WARN_DEPRECATED_OBJC_IMPLEMENTATIONS = YES;
				CLANG_WARN_DIRECT_OBJC_ISA_USAGE = YES_ERROR;
				CLANG_WARN_DOCUMENTATION_COMMENTS = YES;
				CLANG_WARN_EMPTY_BODY = YES;
				CLANG_WARN_ENUM_CONVERSION = YES;
				CLANG_WARN_INFINITE_RECURSION = YES;
				CLANG_WARN_INT_CONVERSION = YES;
				CLANG_WARN_NON_LITERAL_NULL_CONVERSION = YES;
				CLANG_WARN_OBJC_IMPLICIT_RETAIN_SELF = YES;
				CLANG_WARN_OBJC_LITERAL_CONVERSION = YES;
				CLANG_WARN_OBJC_ROOT_CLASS = YES_ERROR;
				CLANG_WARN_RANGE_LOOP_ANALYSIS = YES;
				CLANG_WARN_STRICT_PROTOTYPES = YES;
				CLANG_WARN_SUSPICIOUS_MOVE = YES;
				CLANG_WARN_UNGUARDED_AVAILABILITY = YES_AGGRESSIVE;
				CLANG_WARN_UNREACHABLE_CODE = YES;
				CLANG_WARN__DUPLICATE_METHOD_MATCH = YES;
				CODE_SIGN_IDENTITY = "iPhone Developer";
				COPY_PHASE_STRIP = NO;
				DEBUG_INFORMATION_FORMAT = dwarf;
				ENABLE_STRICT_OBJC_MSGSEND = YES;
				ENABLE_TESTABILITY = YES;
				GCC_C_LANGUAGE_STANDARD = gnu11;
				GCC_DYNAMIC_NO_PIC = NO;
				GCC_NO_COMMON_BLOCKS = YES;
				GCC_OPTIMIZATION_LEVEL = 0;
				GCC_PREPROCESSOR_DEFINITIONS = (
					"DEBUG=1",
					"$(inherited)",
				);
				GCC_WARN_64_TO_32_BIT_CONVERSION = YES;
				GCC_WARN_ABOUT_RETURN_TYPE = YES_ERROR;
				GCC_WARN_UNDECLARED_SELECTOR = YES;
				GCC_WARN_UNINITIALIZED_AUTOS = YES_AGGRESSIVE;
				GCC_WARN_UNUSED_FUNCTION = YES;
				GCC_WARN_UNUSED_VARIABLE = YES;
				IPHONEOS_DEPLOYMENT_TARGET = 11.4;
				MTL_ENABLE_DEBUG_INFO = YES;
				ONLY_ACTIVE_ARCH = YES;
				SDKROOT = iphoneos;
				SWIFT_ACTIVE_COMPILATION_CONDITIONS = DEBUG;
				SWIFT_OPTIMIZATION_LEVEL = "-Onone";
			};
			name = Debug;
		};
		453DA1E2217E362100578550 /* Release */ = {
			isa = XCBuildConfiguration;
			buildSettings = {
				ALWAYS_SEARCH_USER_PATHS = NO;
				CLANG_ANALYZER_NONNULL = YES;
				CLANG_ANALYZER_NUMBER_OBJECT_CONVERSION = YES_AGGRESSIVE;
				CLANG_CXX_LANGUAGE_STANDARD = "gnu++14";
				CLANG_CXX_LIBRARY = "libc++";
				CLANG_ENABLE_MODULES = YES;
				CLANG_ENABLE_OBJC_ARC = YES;
				CLANG_ENABLE_OBJC_WEAK = YES;
				CLANG_WARN_BLOCK_CAPTURE_AUTORELEASING = YES;
				CLANG_WARN_BOOL_CONVERSION = YES;
				CLANG_WARN_COMMA = YES;
				CLANG_WARN_CONSTANT_CONVERSION = YES;
				CLANG_WARN_DEPRECATED_OBJC_IMPLEMENTATIONS = YES;
				CLANG_WARN_DIRECT_OBJC_ISA_USAGE = YES_ERROR;
				CLANG_WARN_DOCUMENTATION_COMMENTS = YES;
				CLANG_WARN_EMPTY_BODY = YES;
				CLANG_WARN_ENUM_CONVERSION = YES;
				CLANG_WARN_INFINITE_RECURSION = YES;
				CLANG_WARN_INT_CONVERSION = YES;
				CLANG_WARN_NON_LITERAL_NULL_CONVERSION = YES;
				CLANG_WARN_OBJC_IMPLICIT_RETAIN_SELF = YES;
				CLANG_WARN_OBJC_LITERAL_CONVERSION = YES;
				CLANG_WARN_OBJC_ROOT_CLASS = YES_ERROR;
				CLANG_WARN_RANGE_LOOP_ANALYSIS = YES;
				CLANG_WARN_STRICT_PROTOTYPES = YES;
				CLANG_WARN_SUSPICIOUS_MOVE = YES;
				CLANG_WARN_UNGUARDED_AVAILABILITY = YES_AGGRESSIVE;
				CLANG_WARN_UNREACHABLE_CODE = YES;
				CLANG_WARN__DUPLICATE_METHOD_MATCH = YES;
				CODE_SIGN_IDENTITY = "iPhone Developer";
				COPY_PHASE_STRIP = NO;
				DEBUG_INFORMATION_FORMAT = "dwarf-with-dsym";
				ENABLE_NS_ASSERTIONS = NO;
				ENABLE_STRICT_OBJC_MSGSEND = YES;
				GCC_C_LANGUAGE_STANDARD = gnu11;
				GCC_NO_COMMON_BLOCKS = YES;
				GCC_WARN_64_TO_32_BIT_CONVERSION = YES;
				GCC_WARN_ABOUT_RETURN_TYPE = YES_ERROR;
				GCC_WARN_UNDECLARED_SELECTOR = YES;
				GCC_WARN_UNINITIALIZED_AUTOS = YES_AGGRESSIVE;
				GCC_WARN_UNUSED_FUNCTION = YES;
				GCC_WARN_UNUSED_VARIABLE = YES;
				IPHONEOS_DEPLOYMENT_TARGET = 11.4;
				MTL_ENABLE_DEBUG_INFO = NO;
				SDKROOT = iphoneos;
				SWIFT_COMPILATION_MODE = wholemodule;
				SWIFT_OPTIMIZATION_LEVEL = "-O";
				VALIDATE_PRODUCT = YES;
			};
			name = Release;
		};
		453DA1E4217E362100578550 /* Debug */ = {
			isa = XCBuildConfiguration;
			buildSettings = {
				ASSETCATALOG_COMPILER_APPICON_NAME = AppIcon;
				CODE_SIGN_STYLE = Automatic;
				INFOPLIST_FILE = flickgram/Info.plist;
				LD_RUNPATH_SEARCH_PATHS = (
					"$(inherited)",
					"@executable_path/Frameworks",
				);
				PRODUCT_BUNDLE_IDENTIFIER = "Bhavesh-Shah.flickgram";
				PRODUCT_NAME = "$(TARGET_NAME)";
				SWIFT_VERSION = 4.0;
				TARGETED_DEVICE_FAMILY = "1,2";
			};
			name = Debug;
		};
		453DA1E5217E362100578550 /* Release */ = {
			isa = XCBuildConfiguration;
			buildSettings = {
				ASSETCATALOG_COMPILER_APPICON_NAME = AppIcon;
				CODE_SIGN_STYLE = Automatic;
				INFOPLIST_FILE = flickgram/Info.plist;
				LD_RUNPATH_SEARCH_PATHS = (
					"$(inherited)",
					"@executable_path/Frameworks",
				);
				PRODUCT_BUNDLE_IDENTIFIER = "Bhavesh-Shah.flickgram";
				PRODUCT_NAME = "$(TARGET_NAME)";
				SWIFT_VERSION = 4.0;
				TARGETED_DEVICE_FAMILY = "1,2";
			};
			name = Release;
		};
		453DA1E7217E362100578550 /* Debug */ = {
			isa = XCBuildConfiguration;
			buildSettings = {
				ALWAYS_EMBED_SWIFT_STANDARD_LIBRARIES = YES;
				BUNDLE_LOADER = "$(TEST_HOST)";
				CODE_SIGN_STYLE = Automatic;
				INFOPLIST_FILE = flickgramTests/Info.plist;
				LD_RUNPATH_SEARCH_PATHS = (
					"$(inherited)",
					"@executable_path/Frameworks",
					"@loader_path/Frameworks",
				);
				PRODUCT_BUNDLE_IDENTIFIER = "Bhavesh-Shah.flickgramTests";
				PRODUCT_NAME = "$(TARGET_NAME)";
				SWIFT_VERSION = 4.0;
				TARGETED_DEVICE_FAMILY = "1,2";
				TEST_HOST = "$(BUILT_PRODUCTS_DIR)/flickgram.app/flickgram";
			};
			name = Debug;
		};
		453DA1E8217E362100578550 /* Release */ = {
			isa = XCBuildConfiguration;
			buildSettings = {
				ALWAYS_EMBED_SWIFT_STANDARD_LIBRARIES = YES;
				BUNDLE_LOADER = "$(TEST_HOST)";
				CODE_SIGN_STYLE = Automatic;
				INFOPLIST_FILE = flickgramTests/Info.plist;
				LD_RUNPATH_SEARCH_PATHS = (
					"$(inherited)",
					"@executable_path/Frameworks",
					"@loader_path/Frameworks",
				);
				PRODUCT_BUNDLE_IDENTIFIER = "Bhavesh-Shah.flickgramTests";
				PRODUCT_NAME = "$(TARGET_NAME)";
				SWIFT_VERSION = 4.0;
				TARGETED_DEVICE_FAMILY = "1,2";
				TEST_HOST = "$(BUILT_PRODUCTS_DIR)/flickgram.app/flickgram";
			};
			name = Release;
		};
		453DA1EA217E362100578550 /* Debug */ = {
			isa = XCBuildConfiguration;
			buildSettings = {
				ALWAYS_EMBED_SWIFT_STANDARD_LIBRARIES = YES;
				CODE_SIGN_STYLE = Automatic;
				INFOPLIST_FILE = flickgramUITests/Info.plist;
				LD_RUNPATH_SEARCH_PATHS = (
					"$(inherited)",
					"@executable_path/Frameworks",
					"@loader_path/Frameworks",
				);
				PRODUCT_BUNDLE_IDENTIFIER = "Bhavesh-Shah.flickgramUITests";
				PRODUCT_NAME = "$(TARGET_NAME)";
				SWIFT_VERSION = 4.0;
				TARGETED_DEVICE_FAMILY = "1,2";
				TEST_TARGET_NAME = flickgram;
			};
			name = Debug;
		};
		453DA1EB217E362100578550 /* Release */ = {
			isa = XCBuildConfiguration;
			buildSettings = {
				ALWAYS_EMBED_SWIFT_STANDARD_LIBRARIES = YES;
				CODE_SIGN_STYLE = Automatic;
				INFOPLIST_FILE = flickgramUITests/Info.plist;
				LD_RUNPATH_SEARCH_PATHS = (
					"$(inherited)",
					"@executable_path/Frameworks",
					"@loader_path/Frameworks",
				);
				PRODUCT_BUNDLE_IDENTIFIER = "Bhavesh-Shah.flickgramUITests";
				PRODUCT_NAME = "$(TARGET_NAME)";
				SWIFT_VERSION = 4.0;
				TARGETED_DEVICE_FAMILY = "1,2";
				TEST_TARGET_NAME = flickgram;
			};
			name = Release;
		};
/* End XCBuildConfiguration section */

/* Begin XCConfigurationList section */
		453DA1B6217E361F00578550 /* Build configuration list for PBXProject "flickgram" */ = {
			isa = XCConfigurationList;
			buildConfigurations = (
				453DA1E1217E362100578550 /* Debug */,
				453DA1E2217E362100578550 /* Release */,
			);
			defaultConfigurationIsVisible = 0;
			defaultConfigurationName = Release;
		};
		453DA1E3217E362100578550 /* Build configuration list for PBXNativeTarget "flickgram" */ = {
			isa = XCConfigurationList;
			buildConfigurations = (
				453DA1E4217E362100578550 /* Debug */,
				453DA1E5217E362100578550 /* Release */,
			);
			defaultConfigurationIsVisible = 0;
			defaultConfigurationName = Release;
		};
		453DA1E6217E362100578550 /* Build configuration list for PBXNativeTarget "flickgramTests" */ = {
			isa = XCConfigurationList;
			buildConfigurations = (
				453DA1E7217E362100578550 /* Debug */,
				453DA1E8217E362100578550 /* Release */,
			);
			defaultConfigurationIsVisible = 0;
			defaultConfigurationName = Release;
		};
		453DA1E9217E362100578550 /* Build configuration list for PBXNativeTarget "flickgramUITests" */ = {
			isa = XCConfigurationList;
			buildConfigurations = (
				453DA1EA217E362100578550 /* Debug */,
				453DA1EB217E362100578550 /* Release */,
			);
			defaultConfigurationIsVisible = 0;
			defaultConfigurationName = Release;
		};
/* End XCConfigurationList section */
	};
	rootObject = 453DA1B3217E361F00578550 /* Project object */;
}
